
Microsoft Visual Studio Solution File, Format Version 12.00
# Visual Studio 14
VisualStudioVersion = 14.0.25420.1
MinimumVisualStudioVersion = 10.0.40219.1
Project("{FAE04EC0-301F-11D3-BF4B-00C04F79EFBC}") = "CustomList", "ListClass\CustomList.csproj", "{1EABB748-0E0F-44C1-B317-9FC9B8CEAB85}"
EndProject
Project("{FAE04EC0-301F-11D3-BF4B-00C04F79EFBC}") = "CustomListUnitTest", "ListClassUnitTest\CustomListUnitTest.csproj", "{8A7DC4BE-7F89-4F20-B3FC-DBAE5C98512C}"
EndProject
Global
	GlobalSection(SolutionConfigurationPlatforms) = preSolution
		Debug|Any CPU = Debug|Any CPU
		Release|Any CPU = Release|Any CPU
	EndGlobalSection
	GlobalSection(ProjectConfigurationPlatforms) = postSolution
		{1EABB748-0E0F-44C1-B317-9FC9B8CEAB85}.Debug|Any CPU.ActiveCfg = Debug|Any CPU
		{1EABB748-0E0F-44C1-B317-9FC9B8CEAB85}.Debug|Any CPU.Build.0 = Debug|Any CPU
		{1EABB748-0E0F-44C1-B317-9FC9B8CEAB85}.Release|Any CPU.ActiveCfg = Release|Any CPU
		{1EABB748-0E0F-44C1-B317-9FC9B8CEAB85}.Release|Any CPU.Build.0 = Release|Any CPU
		{8A7DC4BE-7F89-4F20-B3FC-DBAE5C98512C}.Debug|Any CPU.ActiveCfg = Debug|Any CPU
		{8A7DC4BE-7F89-4F20-B3FC-DBAE5C98512C}.Debug|Any CPU.Build.0 = Debug|Any CPU
		{8A7DC4BE-7F89-4F20-B3FC-DBAE5C98512C}.Release|Any CPU.ActiveCfg = Release|Any CPU
		{8A7DC4BE-7F89-4F20-B3FC-DBAE5C98512C}.Release|Any CPU.Build.0 = Release|Any CPU
	EndGlobalSection
	GlobalSection(SolutionProperties) = preSolution
		HideSolutionNode = FALSE
	EndGlobalSection
EndGlobal
